
Microsoft Visual Studio Solution File, Format Version 12.00
# Visual Studio Version 16
VisualStudioVersion = 16.0.29806.167
MinimumVisualStudioVersion = 10.0.40219.1
Project("{8BC9CEB8-8B4A-11D0-8D11-00A0C91BC942}") = "RayLib2DShooterGame", "RayLib2DShooterGame\RayLib2DShooterGame.vcxproj", "{728A546C-C79B-4F9A-AD27-11490899C243}"
EndProject
Global
	GlobalSection(SolutionConfigurationPlatforms) = preSolution
		Debug|x64 = Debug|x64
		Debug|x86 = Debug|x86
		Release|x64 = Release|x64
		Release|x86 = Release|x86
	EndGlobalSection
	GlobalSection(ProjectConfigurationPlatforms) = postSolution
		{728A546C-C79B-4F9A-AD27-11490899C243}.Debug|x64.ActiveCfg = Debug|x64
		{728A546C-C79B-4F9A-AD27-11490899C243}.Debug|x64.Build.0 = Debug|x64
		{728A546C-C79B-4F9A-AD27-11490899C243}.Debug|x86.ActiveCfg = Debug|Win32
		{728A546C-C79B-4F9A-AD27-11490899C243}.Debug|x86.Build.0 = Debug|Win32
		{728A546C-C79B-4F9A-AD27-11490899C243}.Release|x64.ActiveCfg = Release|x64
		{728A546C-C79B-4F9A-AD27-11490899C243}.Release|x64.Build.0 = Release|x64
		{728A546C-C79B-4F9A-AD27-11490899C243}.Release|x86.ActiveCfg = Release|Win32
		{728A546C-C79B-4F9A-AD27-11490899C243}.Release|x86.Build.0 = Release|Win32
	EndGlobalSection
	GlobalSection(SolutionProperties) = preSolution
		HideSolutionNode = FALSE
	EndGlobalSection
	GlobalSection(ExtensibilityGlobals) = postSolution
		SolutionGuid = {151634A4-FD3E-4963-92B0-8D1F798E4FF6}
	EndGlobalSection
EndGlobal
